// !$*UTF8*$!
{
	archiveVersion = 1;
	classes = {
	};
	objectVersion = 50;
	objects = {

/* Begin PBXBuildFile section */
		595FA6B924BCBB7B00BBBBA4 /* TimerRefresh.swift in Sources */ = {isa = PBXBuildFile; fileRef = 595FA6B824BCBB7B00BBBBA4 /* TimerRefresh.swift */; };
		599F876924BB980E008E0AD6 /* TimerIntervalView.swift in Sources */ = {isa = PBXBuildFile; fileRef = 599F876824BB980E008E0AD6 /* TimerIntervalView.swift */; };
		599FB65E24BB8153004045BC /* testSwiftUIApp.swift in Sources */ = {isa = PBXBuildFile; fileRef = 599FB65D24BB8153004045BC /* testSwiftUIApp.swift */; };
		599FB66024BB8153004045BC /* ContentView.swift in Sources */ = {isa = PBXBuildFile; fileRef = 599FB65F24BB8153004045BC /* ContentView.swift */; };
		599FB66224BB8154004045BC /* Assets.xcassets in Resources */ = {isa = PBXBuildFile; fileRef = 599FB66124BB8154004045BC /* Assets.xcassets */; };
		599FB66524BB8154004045BC /* Preview Assets.xcassets in Resources */ = {isa = PBXBuildFile; fileRef = 599FB66424BB8154004045BC /* Preview Assets.xcassets */; };
		599FB67024BB8155004045BC /* testSwiftUITests.swift in Sources */ = {isa = PBXBuildFile; fileRef = 599FB66F24BB8155004045BC /* testSwiftUITests.swift */; };
		599FB67B24BB8155004045BC /* testSwiftUIUITests.swift in Sources */ = {isa = PBXBuildFile; fileRef = 599FB67A24BB8155004045BC /* testSwiftUIUITests.swift */; };
		599FB68B24BB8208004045BC /* CloudKit.framework in Frameworks */ = {isa = PBXBuildFile; fileRef = 599FB68A24BB8208004045BC /* CloudKit.framework */; };
/* End PBXBuildFile section */

/* Begin PBXContainerItemProxy section */
		599FB66C24BB8155004045BC /* PBXContainerItemProxy */ = {
			isa = PBXContainerItemProxy;
			containerPortal = 599FB65224BB8153004045BC /* Project object */;
			proxyType = 1;
			remoteGlobalIDString = 599FB65924BB8153004045BC;
			remoteInfo = testSwiftUI;
		};
		599FB67724BB8155004045BC /* PBXContainerItemProxy */ = {
			isa = PBXContainerItemProxy;
			containerPortal = 599FB65224BB8153004045BC /* Project object */;
			proxyType = 1;
			remoteGlobalIDString = 599FB65924BB8153004045BC;
			remoteInfo = testSwiftUI;
		};
/* End PBXContainerItemProxy section */

/* Begin PBXFileReference section */
		595FA6B824BCBB7B00BBBBA4 /* TimerRefresh.swift */ = {isa = PBXFileReference; lastKnownFileType = sourcecode.swift; path = TimerRefresh.swift; sourceTree = "<group>"; };
		599F876824BB980E008E0AD6 /* TimerIntervalView.swift */ = {isa = PBXFileReference; lastKnownFileType = sourcecode.swift; path = TimerIntervalView.swift; sourceTree = "<group>"; };
		599FB65A24BB8153004045BC /* testSwiftUI.app */ = {isa = PBXFileReference; explicitFileType = wrapper.application; includeInIndex = 0; path = testSwiftUI.app; sourceTree = BUILT_PRODUCTS_DIR; };
		599FB65D24BB8153004045BC /* testSwiftUIApp.swift */ = {isa = PBXFileReference; lastKnownFileType = sourcecode.swift; path = testSwiftUIApp.swift; sourceTree = "<group>"; };
		599FB65F24BB8153004045BC /* ContentView.swift */ = {isa = PBXFileReference; lastKnownFileType = sourcecode.swift; path = ContentView.swift; sourceTree = "<group>"; };
		599FB66124BB8154004045BC /* Assets.xcassets */ = {isa = PBXFileReference; lastKnownFileType = folder.assetcatalog; path = Assets.xcassets; sourceTree = "<group>"; };
		599FB66424BB8154004045BC /* Preview Assets.xcassets */ = {isa = PBXFileReference; lastKnownFileType = folder.assetcatalog; path = "Preview Assets.xcassets"; sourceTree = "<group>"; };
		599FB66624BB8154004045BC /* Info.plist */ = {isa = PBXFileReference; lastKnownFileType = text.plist.xml; path = Info.plist; sourceTree = "<group>"; };
		599FB66B24BB8155004045BC /* testSwiftUITests.xctest */ = {isa = PBXFileReference; explicitFileType = wrapper.cfbundle; includeInIndex = 0; path = testSwiftUITests.xctest; sourceTree = BUILT_PRODUCTS_DIR; };
		599FB66F24BB8155004045BC /* testSwiftUITests.swift */ = {isa = PBXFileReference; lastKnownFileType = sourcecode.swift; path = testSwiftUITests.swift; sourceTree = "<group>"; };
		599FB67124BB8155004045BC /* Info.plist */ = {isa = PBXFileReference; lastKnownFileType = text.plist.xml; path = Info.plist; sourceTree = "<group>"; };
		599FB67624BB8155004045BC /* testSwiftUIUITests.xctest */ = {isa = PBXFileReference; explicitFileType = wrapper.cfbundle; includeInIndex = 0; path = testSwiftUIUITests.xctest; sourceTree = BUILT_PRODUCTS_DIR; };
		599FB67A24BB8155004045BC /* testSwiftUIUITests.swift */ = {isa = PBXFileReference; lastKnownFileType = sourcecode.swift; path = testSwiftUIUITests.swift; sourceTree = "<group>"; };
		599FB67C24BB8155004045BC /* Info.plist */ = {isa = PBXFileReference; lastKnownFileType = text.plist.xml; path = Info.plist; sourceTree = "<group>"; };
		599FB68824BB8201004045BC /* testSwiftUI.entitlements */ = {isa = PBXFileReference; lastKnownFileType = text.plist.entitlements; path = testSwiftUI.entitlements; sourceTree = "<group>"; };
		599FB68A24BB8208004045BC /* CloudKit.framework */ = {isa = PBXFileReference; lastKnownFileType = wrapper.framework; name = CloudKit.framework; path = System/Library/Frameworks/CloudKit.framework; sourceTree = SDKROOT; };
/* End PBXFileReference section */

/* Begin PBXFrameworksBuildPhase section */
		599FB65724BB8153004045BC /* Frameworks */ = {
			isa = PBXFrameworksBuildPhase;
			buildActionMask = 2147483647;
			files = (
				599FB68B24BB8208004045BC /* CloudKit.framework in Frameworks */,
			);
			runOnlyForDeploymentPostprocessing = 0;
		};
		599FB66824BB8155004045BC /* Frameworks */ = {
			isa = PBXFrameworksBuildPhase;
			buildActionMask = 2147483647;
			files = (
			);
			runOnlyForDeploymentPostprocessing = 0;
		};
		599FB67324BB8155004045BC /* Frameworks */ = {
			isa = PBXFrameworksBuildPhase;
			buildActionMask = 2147483647;
			files = (
			);
			runOnlyForDeploymentPostprocessing = 0;
		};
/* End PBXFrameworksBuildPhase section */

/* Begin PBXGroup section */
		599FB65124BB8153004045BC = {
			isa = PBXGroup;
			children = (
				599FB65C24BB8153004045BC /* testSwiftUI */,
				599FB66E24BB8155004045BC /* testSwiftUITests */,
				599FB67924BB8155004045BC /* testSwiftUIUITests */,
				599FB65B24BB8153004045BC /* Products */,
				599FB68924BB8208004045BC /* Frameworks */,
			);
			sourceTree = "<group>";
		};
		599FB65B24BB8153004045BC /* Products */ = {
			isa = PBXGroup;
			children = (
				599FB65A24BB8153004045BC /* testSwiftUI.app */,
				599FB66B24BB8155004045BC /* testSwiftUITests.xctest */,
				599FB67624BB8155004045BC /* testSwiftUIUITests.xctest */,
			);
			name = Products;
			sourceTree = "<group>";
		};
		599FB65C24BB8153004045BC /* testSwiftUI */ = {
			isa = PBXGroup;
			children = (
				599FB68824BB8201004045BC /* testSwiftUI.entitlements */,
				599FB65D24BB8153004045BC /* testSwiftUIApp.swift */,
				599FB65F24BB8153004045BC /* ContentView.swift */,
				599F876824BB980E008E0AD6 /* TimerIntervalView.swift */,
				599FB66124BB8154004045BC /* Assets.xcassets */,
				599FB66624BB8154004045BC /* Info.plist */,
				599FB66324BB8154004045BC /* Preview Content */,
				595FA6B824BCBB7B00BBBBA4 /* TimerRefresh.swift */,
			);
			path = testSwiftUI;
			sourceTree = "<group>";
		};
		599FB66324BB8154004045BC /* Preview Content */ = {
			isa = PBXGroup;
			children = (
				599FB66424BB8154004045BC /* Preview Assets.xcassets */,
			);
			path = "Preview Content";
			sourceTree = "<group>";
		};
		599FB66E24BB8155004045BC /* testSwiftUITests */ = {
			isa = PBXGroup;
			children = (
				599FB66F24BB8155004045BC /* testSwiftUITests.swift */,
				599FB67124BB8155004045BC /* Info.plist */,
			);
			path = testSwiftUITests;
			sourceTree = "<group>";
		};
		599FB67924BB8155004045BC /* testSwiftUIUITests */ = {
			isa = PBXGroup;
			children = (
				599FB67A24BB8155004045BC /* testSwiftUIUITests.swift */,
				599FB67C24BB8155004045BC /* Info.plist */,
			);
			path = testSwiftUIUITests;
			sourceTree = "<group>";
		};
		599FB68924BB8208004045BC /* Frameworks */ = {
			isa = PBXGroup;
			children = (
				599FB68A24BB8208004045BC /* CloudKit.framework */,
			);
			name = Frameworks;
			sourceTree = "<group>";
		};
/* End PBXGroup section */

/* Begin PBXNativeTarget section */
		599FB65924BB8153004045BC /* testSwiftUI */ = {
			isa = PBXNativeTarget;
			buildConfigurationList = 599FB67F24BB8155004045BC /* Build configuration list for PBXNativeTarget "testSwiftUI" */;
			buildPhases = (
				599FB65624BB8153004045BC /* Sources */,
				599FB65724BB8153004045BC /* Frameworks */,
				599FB65824BB8153004045BC /* Resources */,
			);
			buildRules = (
			);
			dependencies = (
			);
			name = testSwiftUI;
			productName = testSwiftUI;
			productReference = 599FB65A24BB8153004045BC /* testSwiftUI.app */;
			productType = "com.apple.product-type.application";
		};
		599FB66A24BB8155004045BC /* testSwiftUITests */ = {
			isa = PBXNativeTarget;
			buildConfigurationList = 599FB68224BB8155004045BC /* Build configuration list for PBXNativeTarget "testSwiftUITests" */;
			buildPhases = (
				599FB66724BB8155004045BC /* Sources */,
				599FB66824BB8155004045BC /* Frameworks */,
				599FB66924BB8155004045BC /* Resources */,
			);
			buildRules = (
			);
			dependencies = (
				599FB66D24BB8155004045BC /* PBXTargetDependency */,
			);
			name = testSwiftUITests;
			productName = testSwiftUITests;
			productReference = 599FB66B24BB8155004045BC /* testSwiftUITests.xctest */;
			productType = "com.apple.product-type.bundle.unit-test";
		};
		599FB67524BB8155004045BC /* testSwiftUIUITests */ = {
			isa = PBXNativeTarget;
			buildConfigurationList = 599FB68524BB8155004045BC /* Build configuration list for PBXNativeTarget "testSwiftUIUITests" */;
			buildPhases = (
				599FB67224BB8155004045BC /* Sources */,
				599FB67324BB8155004045BC /* Frameworks */,
				599FB67424BB8155004045BC /* Resources */,
			);
			buildRules = (
			);
			dependencies = (
				599FB67824BB8155004045BC /* PBXTargetDependency */,
			);
			name = testSwiftUIUITests;
			productName = testSwiftUIUITests;
			productReference = 599FB67624BB8155004045BC /* testSwiftUIUITests.xctest */;
			productType = "com.apple.product-type.bundle.ui-testing";
		};
/* End PBXNativeTarget section */

/* Begin PBXProject section */
		599FB65224BB8153004045BC /* Project object */ = {
			isa = PBXProject;
			attributes = {
				LastSwiftUpdateCheck = 1200;
				LastUpgradeCheck = 1200;
				TargetAttributes = {
					599FB65924BB8153004045BC = {
						CreatedOnToolsVersion = 12.0;
					};
					599FB66A24BB8155004045BC = {
						CreatedOnToolsVersion = 12.0;
						TestTargetID = 599FB65924BB8153004045BC;
					};
					599FB67524BB8155004045BC = {
						CreatedOnToolsVersion = 12.0;
						TestTargetID = 599FB65924BB8153004045BC;
					};
				};
			};
			buildConfigurationList = 599FB65524BB8153004045BC /* Build configuration list for PBXProject "testSwiftUI" */;
			compatibilityVersion = "Xcode 9.3";
			developmentRegion = en;
			hasScannedForEncodings = 0;
			knownRegions = (
				en,
				Base,
			);
			mainGroup = 599FB65124BB8153004045BC;
			productRefGroup = 599FB65B24BB8153004045BC /* Products */;
			projectDirPath = "";
			projectRoot = "";
			targets = (
				599FB65924BB8153004045BC /* testSwiftUI */,
				599FB66A24BB8155004045BC /* testSwiftUITests */,
				599FB67524BB8155004045BC /* testSwiftUIUITests */,
			);
		};
/* End PBXProject section */

/* Begin PBXResourcesBuildPhase section */
		599FB65824BB8153004045BC /* Resources */ = {
			isa = PBXResourcesBuildPhase;
			buildActionMask = 2147483647;
			files = (
				599FB66524BB8154004045BC /* Preview Assets.xcassets in Resources */,
				599FB66224BB8154004045BC /* Assets.xcassets in Resources */,
			);
			runOnlyForDeploymentPostprocessing = 0;
		};
		599FB66924BB8155004045BC /* Resources */ = {
			isa = PBXResourcesBuildPhase;
			buildActionMask = 2147483647;
			files = (
			);
			runOnlyForDeploymentPostprocessing = 0;
		};
		599FB67424BB8155004045BC /* Resources */ = {
			isa = PBXResourcesBuildPhase;
			buildActionMask = 2147483647;
			files = (
			);
			runOnlyForDeploymentPostprocessing = 0;
		};
/* End PBXResourcesBuildPhase section */

/* Begin PBXSourcesBuildPhase section */
		599FB65624BB8153004045BC /* Sources */ = {
			isa = PBXSourcesBuildPhase;
			buildActionMask = 2147483647;
			files = (
				599FB66024BB8153004045BC /* ContentView.swift in Sources */,
				595FA6B924BCBB7B00BBBBA4 /* TimerRefresh.swift in Sources */,
				599FB65E24BB8153004045BC /* testSwiftUIApp.swift in Sources */,
				599F876924BB980E008E0AD6 /* TimerIntervalView.swift in Sources */,
			);
			runOnlyForDeploymentPostprocessing = 0;
		};
		599FB66724BB8155004045BC /* Sources */ = {
			isa = PBXSourcesBuildPhase;
			buildActionMask = 2147483647;
			files = (
				599FB67024BB8155004045BC /* testSwiftUITests.swift in Sources */,
			);
			runOnlyForDeploymentPostprocessing = 0;
		};
		599FB67224BB8155004045BC /* Sources */ = {
			isa = PBXSourcesBuildPhase;
			buildActionMask = 2147483647;
			files = (
				599FB67B24BB8155004045BC /* testSwiftUIUITests.swift in Sources */,
			);
			runOnlyForDeploymentPostprocessing = 0;
		};
/* End PBXSourcesBuildPhase section */

/* Begin PBXTargetDependency section */
		599FB66D24BB8155004045BC /* PBXTargetDependency */ = {
			isa = PBXTargetDependency;
			target = 599FB65924BB8153004045BC /* testSwiftUI */;
			targetProxy = 599FB66C24BB8155004045BC /* PBXContainerItemProxy */;
		};
		599FB67824BB8155004045BC /* PBXTargetDependency */ = {
			isa = PBXTargetDependency;
			target = 599FB65924BB8153004045BC /* testSwiftUI */;
			targetProxy = 599FB67724BB8155004045BC /* PBXContainerItemProxy */;
		};
/* End PBXTargetDependency section */

/* Begin XCBuildConfiguration section */
		599FB67D24BB8155004045BC /* Debug */ = {
			isa = XCBuildConfiguration;
			buildSettings = {
				ALWAYS_SEARCH_USER_PATHS = NO;
				CLANG_ANALYZER_NONNULL = YES;
				CLANG_ANALYZER_NUMBER_OBJECT_CONVERSION = YES_AGGRESSIVE;
				CLANG_CXX_LANGUAGE_STANDARD = "gnu++14";
				CLANG_CXX_LIBRARY = "libc++";
				CLANG_ENABLE_MODULES = YES;
				CLANG_ENABLE_OBJC_ARC = YES;
				CLANG_ENABLE_OBJC_WEAK = YES;
				CLANG_WARN_BLOCK_CAPTURE_AUTORELEASING = YES;
				CLANG_WARN_BOOL_CONVERSION = YES;
				CLANG_WARN_COMMA = YES;
				CLANG_WARN_CONSTANT_CONVERSION = YES;
				CLANG_WARN_DEPRECATED_OBJC_IMPLEMENTATIONS = YES;
				CLANG_WARN_DIRECT_OBJC_ISA_USAGE = YES_ERROR;
				CLANG_WARN_DOCUMENTATION_COMMENTS = YES;
				CLANG_WARN_EMPTY_BODY = YES;
				CLANG_WARN_ENUM_CONVERSION = YES;
				CLANG_WARN_INFINITE_RECURSION = YES;
				CLANG_WARN_INT_CONVERSION = YES;
				CLANG_WARN_NON_LITERAL_NULL_CONVERSION = YES;
				CLANG_WARN_OBJC_IMPLICIT_RETAIN_SELF = YES;
				CLANG_WARN_OBJC_LITERAL_CONVERSION = YES;
				CLANG_WARN_OBJC_ROOT_CLASS = YES_ERROR;
				CLANG_WARN_QUOTED_INCLUDE_IN_FRAMEWORK_HEADER = YES;
				CLANG_WARN_RANGE_LOOP_ANALYSIS = YES;
				CLANG_WARN_STRICT_PROTOTYPES = YES;
				CLANG_WARN_SUSPICIOUS_MOVE = YES;
				CLANG_WARN_UNGUARDED_AVAILABILITY = YES_AGGRESSIVE;
				CLANG_WARN_UNREACHABLE_CODE = YES;
				CLANG_WARN__DUPLICATE_METHOD_MATCH = YES;
				COPY_PHASE_STRIP = NO;
				DEBUG_INFORMATION_FORMAT = dwarf;
				ENABLE_STRICT_OBJC_MSGSEND = YES;
				ENABLE_TESTABILITY = YES;
				GCC_C_LANGUAGE_STANDARD = gnu11;
				GCC_DYNAMIC_NO_PIC = NO;
				GCC_NO_COMMON_BLOCKS = YES;
				GCC_OPTIMIZATION_LEVEL = 0;
				GCC_PREPROCESSOR_DEFINITIONS = (
					"DEBUG=1",
					"$(inherited)",
				);
				GCC_WARN_64_TO_32_BIT_CONVERSION = YES;
				GCC_WARN_ABOUT_RETURN_TYPE = YES_ERROR;
				GCC_WARN_UNDECLARED_SELECTOR = YES;
				GCC_WARN_UNINITIALIZED_AUTOS = YES_AGGRESSIVE;
				GCC_WARN_UNUSED_FUNCTION = YES;
				GCC_WARN_UNUSED_VARIABLE = YES;
				IPHONEOS_DEPLOYMENT_TARGET = 14.0;
				MTL_ENABLE_DEBUG_INFO = INCLUDE_SOURCE;
				MTL_FAST_MATH = YES;
				ONLY_ACTIVE_ARCH = YES;
				SDKROOT = iphoneos;
				SWIFT_ACTIVE_COMPILATION_CONDITIONS = DEBUG;
				SWIFT_OPTIMIZATION_LEVEL = "-Onone";
			};
			name = Debug;
		};
		599FB67E24BB8155004045BC /* Release */ = {
			isa = XCBuildConfiguration;
			buildSettings = {
				ALWAYS_SEARCH_USER_PATHS = NO;
				CLANG_ANALYZER_NONNULL = YES;
				CLANG_ANALYZER_NUMBER_OBJECT_CONVERSION = YES_AGGRESSIVE;
				CLANG_CXX_LANGUAGE_STANDARD = "gnu++14";
				CLANG_CXX_LIBRARY = "libc++";
				CLANG_ENABLE_MODULES = YES;
				CLANG_ENABLE_OBJC_ARC = YES;
				CLANG_ENABLE_OBJC_WEAK = YES;
				CLANG_WARN_BLOCK_CAPTURE_AUTORELEASING = YES;
				CLANG_WARN_BOOL_CONVERSION = YES;
				CLANG_WARN_COMMA = YES;
				CLANG_WARN_CONSTANT_CONVERSION = YES;
				CLANG_WARN_DEPRECATED_OBJC_IMPLEMENTATIONS = YES;
				CLANG_WARN_DIRECT_OBJC_ISA_USAGE = YES_ERROR;
				CLANG_WARN_DOCUMENTATION_COMMENTS = YES;
				CLANG_WARN_EMPTY_BODY = YES;
				CLANG_WARN_ENUM_CONVERSION = YES;
				CLANG_WARN_INFINITE_RECURSION = YES;
				CLANG_WARN_INT_CONVERSION = YES;
				CLANG_WARN_NON_LITERAL_NULL_CONVERSION = YES;
				CLANG_WARN_OBJC_IMPLICIT_RETAIN_SELF = YES;
				CLANG_WARN_OBJC_LITERAL_CONVERSION = YES;
				CLANG_WARN_OBJC_ROOT_CLASS = YES_ERROR;
				CLANG_WARN_QUOTED_INCLUDE_IN_FRAMEWORK_HEADER = YES;
				CLANG_WARN_RANGE_LOOP_ANALYSIS = YES;
				CLANG_WARN_STRICT_PROTOTYPES = YES;
				CLANG_WARN_SUSPICIOUS_MOVE = YES;
				CLANG_WARN_UNGUARDED_AVAILABILITY = YES_AGGRESSIVE;
				CLANG_WARN_UNREACHABLE_CODE = YES;
				CLANG_WARN__DUPLICATE_METHOD_MATCH = YES;
				COPY_PHASE_STRIP = NO;
				DEBUG_INFORMATION_FORMAT = "dwarf-with-dsym";
				ENABLE_NS_ASSERTIONS = NO;
				ENABLE_STRICT_OBJC_MSGSEND = YES;
				GCC_C_LANGUAGE_STANDARD = gnu11;
				GCC_NO_COMMON_BLOCKS = YES;
				GCC_WARN_64_TO_32_BIT_CONVERSION = YES;
				GCC_WARN_ABOUT_RETURN_TYPE = YES_ERROR;
				GCC_WARN_UNDECLARED_SELECTOR = YES;
				GCC_WARN_UNINITIALIZED_AUTOS = YES_AGGRESSIVE;
				GCC_WARN_UNUSED_FUNCTION = YES;
				GCC_WARN_UNUSED_VARIABLE = YES;
				IPHONEOS_DEPLOYMENT_TARGET = 14.0;
				MTL_ENABLE_DEBUG_INFO = NO;
				MTL_FAST_MATH = YES;
				SDKROOT = iphoneos;
				SWIFT_COMPILATION_MODE = wholemodule;
				SWIFT_OPTIMIZATION_LEVEL = "-O";
				VALIDATE_PRODUCT = YES;
			};
			name = Release;
		};
		599FB68024BB8155004045BC /* Debug */ = {
			isa = XCBuildConfiguration;
			buildSettings = {
				ASSETCATALOG_COMPILER_APPICON_NAME = AppIcon;
				ASSETCATALOG_COMPILER_GLOBAL_ACCENT_COLOR_NAME = AccentColor;
				CODE_SIGN_ENTITLEMENTS = testSwiftUI/testSwiftUI.entitlements;
				CODE_SIGN_STYLE = Automatic;
				DEVELOPMENT_ASSET_PATHS = "\"testSwiftUI/Preview Content\"";
				DEVELOPMENT_TEAM = RH3P6FM765;
				ENABLE_PREVIEWS = YES;
				INFOPLIST_FILE = testSwiftUI/Info.plist;
				IPHONEOS_DEPLOYMENT_TARGET = 14.0;
				LD_RUNPATH_SEARCH_PATHS = (
					"$(inherited)",
					"@executable_path/Frameworks",
				);
				PRODUCT_BUNDLE_IDENTIFIER = com.vdmholding.testSwiftUI;
				PRODUCT_NAME = "$(TARGET_NAME)";
				SWIFT_VERSION = 5.0;
				TARGETED_DEVICE_FAMILY = "1,2";
			};
			name = Debug;
		};
		599FB68124BB8155004045BC /* Release */ = {
			isa = XCBuildConfiguration;
			buildSettings = {
				ASSETCATALOG_COMPILER_APPICON_NAME = AppIcon;
				ASSETCATALOG_COMPILER_GLOBAL_ACCENT_COLOR_NAME = AccentColor;
				CODE_SIGN_ENTITLEMENTS = testSwiftUI/testSwiftUI.entitlements;
				CODE_SIGN_STYLE = Automatic;
				DEVELOPMENT_ASSET_PATHS = "\"testSwiftUI/Preview Content\"";
				DEVELOPMENT_TEAM = RH3P6FM765;
				ENABLE_PREVIEWS = YES;
				INFOPLIST_FILE = testSwiftUI/Info.plist;
				IPHONEOS_DEPLOYMENT_TARGET = 14.0;
				LD_RUNPATH_SEARCH_PATHS = (
					"$(inherited)",
					"@executable_path/Frameworks",
				);
				PRODUCT_BUNDLE_IDENTIFIER = com.vdmholding.testSwiftUI;
				PRODUCT_NAME = "$(TARGET_NAME)";
				SWIFT_VERSION = 5.0;
				TARGETED_DEVICE_FAMILY = "1,2";
			};
			name = Release;
		};
		599FB68324BB8155004045BC /* Debug */ = {
			isa = XCBuildConfiguration;
			buildSettings = {
				ALWAYS_EMBED_SWIFT_STANDARD_LIBRARIES = YES;
				BUNDLE_LOADER = "$(TEST_HOST)";
				CODE_SIGN_STYLE = Automatic;
				DEVELOPMENT_TEAM = RH3P6FM765;
				INFOPLIST_FILE = testSwiftUITests/Info.plist;
				IPHONEOS_DEPLOYMENT_TARGET = 14.0;
				LD_RUNPATH_SEARCH_PATHS = (
					"$(inherited)",
					"@executable_path/Frameworks",
					"@loader_path/Frameworks",
				);
				PRODUCT_BUNDLE_IDENTIFIER = com.vdmholding.testSwiftUITests;
				PRODUCT_NAME = "$(TARGET_NAME)";
				SWIFT_VERSION = 5.0;
				TARGETED_DEVICE_FAMILY = "1,2";
				TEST_HOST = "$(BUILT_PRODUCTS_DIR)/testSwiftUI.app/testSwiftUI";
			};
			name = Debug;
		};
		599FB68424BB8155004045BC /* Release */ = {
			isa = XCBuildConfiguration;
			buildSettings = {
				ALWAYS_EMBED_SWIFT_STANDARD_LIBRARIES = YES;
				BUNDLE_LOADER = "$(TEST_HOST)";
				CODE_SIGN_STYLE = Automatic;
				DEVELOPMENT_TEAM = RH3P6FM765;
				INFOPLIST_FILE = testSwiftUITests/Info.plist;
				IPHONEOS_DEPLOYMENT_TARGET = 14.0;
				LD_RUNPATH_SEARCH_PATHS = (
					"$(inherited)",
					"@executable_path/Frameworks",
					"@loader_path/Frameworks",
				);
				PRODUCT_BUNDLE_IDENTIFIER = com.vdmholding.testSwiftUITests;
				PRODUCT_NAME = "$(TARGET_NAME)";
				SWIFT_VERSION = 5.0;
				TARGETED_DEVICE_FAMILY = "1,2";
				TEST_HOST = "$(BUILT_PRODUCTS_DIR)/testSwiftUI.app/testSwiftUI";
			};
			name = Release;
		};
		599FB68624BB8155004045BC /* Debug */ = {
			isa = XCBuildConfiguration;
			buildSettings = {
				ALWAYS_EMBED_SWIFT_STANDARD_LIBRARIES = YES;
				CODE_SIGN_STYLE = Automatic;
				DEVELOPMENT_TEAM = RH3P6FM765;
				INFOPLIST_FILE = testSwiftUIUITests/Info.plist;
				LD_RUNPATH_SEARCH_PATHS = (
					"$(inherited)",
					"@executable_path/Frameworks",
					"@loader_path/Frameworks",
				);
				PRODUCT_BUNDLE_IDENTIFIER = com.vdmholding.testSwiftUIUITests;
				PRODUCT_NAME = "$(TARGET_NAME)";
				SWIFT_VERSION = 5.0;
				TARGETED_DEVICE_FAMILY = "1,2";
				TEST_TARGET_NAME = testSwiftUI;
			};
			name = Debug;
		};
		599FB68724BB8155004045BC /* Release */ = {
			isa = XCBuildConfiguration;
			buildSettings = {
				ALWAYS_EMBED_SWIFT_STANDARD_LIBRARIES = YES;
				CODE_SIGN_STYLE = Automatic;
				DEVELOPMENT_TEAM = RH3P6FM765;
				INFOPLIST_FILE = testSwiftUIUITests/Info.plist;
				LD_RUNPATH_SEARCH_PATHS = (
					"$(inherited)",
					"@executable_path/Frameworks",
					"@loader_path/Frameworks",
				);
				PRODUCT_BUNDLE_IDENTIFIER = com.vdmholding.testSwiftUIUITests;
				PRODUCT_NAME = "$(TARGET_NAME)";
				SWIFT_VERSION = 5.0;
				TARGETED_DEVICE_FAMILY = "1,2";
				TEST_TARGET_NAME = testSwiftUI;
			};
			name = Release;
		};
/* End XCBuildConfiguration section */

/* Begin XCConfigurationList section */
		599FB65524BB8153004045BC /* Build configuration list for PBXProject "testSwiftUI" */ = {
			isa = XCConfigurationList;
			buildConfigurations = (
				599FB67D24BB8155004045BC /* Debug */,
				599FB67E24BB8155004045BC /* Release */,
			);
			defaultConfigurationIsVisible = 0;
			defaultConfigurationName = Release;
		};
		599FB67F24BB8155004045BC /* Build configuration list for PBXNativeTarget "testSwiftUI" */ = {
			isa = XCConfigurationList;
			buildConfigurations = (
				599FB68024BB8155004045BC /* Debug */,
				599FB68124BB8155004045BC /* Release */,
			);
			defaultConfigurationIsVisible = 0;
			defaultConfigurationName = Release;
		};
		599FB68224BB8155004045BC /* Build configuration list for PBXNativeTarget "testSwiftUITests" */ = {
			isa = XCConfigurationList;
			buildConfigurations = (
				599FB68324BB8155004045BC /* Debug */,
				599FB68424BB8155004045BC /* Release */,
			);
			defaultConfigurationIsVisible = 0;
			defaultConfigurationName = Release;
		};
		599FB68524BB8155004045BC /* Build configuration list for PBXNativeTarget "testSwiftUIUITests" */ = {
			isa = XCConfigurationList;
			buildConfigurations = (
				599FB68624BB8155004045BC /* Debug */,
				599FB68724BB8155004045BC /* Release */,
			);
			defaultConfigurationIsVisible = 0;
			defaultConfigurationName = Release;
		};
/* End XCConfigurationList section */
	};
	rootObject = 599FB65224BB8153004045BC /* Project object */;
}
